
Microsoft Visual Studio Solution File, Format Version 12.00
# Visual Studio Version 17
VisualStudioVersion = 17.3.32901.215
MinimumVisualStudioVersion = 10.0.40219.1
Project("{FAE04EC0-301F-11D3-BF4B-00C04F79EFBC}") = "Практическая №1", "Практическая №1\Практическая №1.csproj", "{4BD877F8-A73F-44AB-B8AC-741A6AC3833F}"
EndProject
Global
	GlobalSection(SolutionConfigurationPlatforms) = preSolution
		Debug|Any CPU = Debug|Any CPU
		Release|Any CPU = Release|Any CPU
	EndGlobalSection
	GlobalSection(ProjectConfigurationPlatforms) = postSolution
		{4BD877F8-A73F-44AB-B8AC-741A6AC3833F}.Debug|Any CPU.ActiveCfg = Debug|Any CPU
		{4BD877F8-A73F-44AB-B8AC-741A6AC3833F}.Debug|Any CPU.Build.0 = Debug|Any CPU
		{4BD877F8-A73F-44AB-B8AC-741A6AC3833F}.Release|Any CPU.ActiveCfg = Release|Any CPU
		{4BD877F8-A73F-44AB-B8AC-741A6AC3833F}.Release|Any CPU.Build.0 = Release|Any CPU
	EndGlobalSection
	GlobalSection(SolutionProperties) = preSolution
		HideSolutionNode = FALSE
	EndGlobalSection
	GlobalSection(ExtensibilityGlobals) = postSolution
		SolutionGuid = {901354A3-EB7A-44AB-B026-860C9F1E7DE0}
	EndGlobalSection
EndGlobal
